// !$*UTF8*$!
{
	archiveVersion = 1;
	classes = {
	};
	objectVersion = 51;
	objects = {

/* Begin PBXBuildFile section */
		116C24F78C9112E3221D8A0A /* Pods_DesafioBCI.framework in Frameworks */ = {isa = PBXBuildFile; fileRef = 4167B937A42F2F01D79464B8 /* Pods_DesafioBCI.framework */; };
		1E595A642402329F00BA8F7E /* AppDelegate.swift in Sources */ = {isa = PBXBuildFile; fileRef = 1E595A632402329F00BA8F7E /* AppDelegate.swift */; };
		1E595A662402329F00BA8F7E /* SceneDelegate.swift in Sources */ = {isa = PBXBuildFile; fileRef = 1E595A652402329F00BA8F7E /* SceneDelegate.swift */; };
		1E595A682402329F00BA8F7E /* ViewController.swift in Sources */ = {isa = PBXBuildFile; fileRef = 1E595A672402329F00BA8F7E /* ViewController.swift */; };
		1E595A6B2402329F00BA8F7E /* Main.storyboard in Resources */ = {isa = PBXBuildFile; fileRef = 1E595A692402329F00BA8F7E /* Main.storyboard */; };
		1E595A6D240232A100BA8F7E /* Assets.xcassets in Resources */ = {isa = PBXBuildFile; fileRef = 1E595A6C240232A100BA8F7E /* Assets.xcassets */; };
		1E595A70240232A100BA8F7E /* LaunchScreen.storyboard in Resources */ = {isa = PBXBuildFile; fileRef = 1E595A6E240232A100BA8F7E /* LaunchScreen.storyboard */; };
		1E595A7B240232A100BA8F7E /* DesafioBCITests.swift in Sources */ = {isa = PBXBuildFile; fileRef = 1E595A7A240232A100BA8F7E /* DesafioBCITests.swift */; };
		1EB98CDA2402343600CF320F /* HomePresenter.swift in Sources */ = {isa = PBXBuildFile; fileRef = 1EB98CD42402343600CF320F /* HomePresenter.swift */; };
		1EB98CDB2402343600CF320F /* HomeWorker.swift in Sources */ = {isa = PBXBuildFile; fileRef = 1EB98CD52402343600CF320F /* HomeWorker.swift */; };
		1EB98CDC2402343600CF320F /* HomeRouter.swift in Sources */ = {isa = PBXBuildFile; fileRef = 1EB98CD62402343600CF320F /* HomeRouter.swift */; };
		1EB98CDD2402343600CF320F /* HomeModels.swift in Sources */ = {isa = PBXBuildFile; fileRef = 1EB98CD72402343600CF320F /* HomeModels.swift */; };
		1EB98CDE2402343600CF320F /* HomeViewController.swift in Sources */ = {isa = PBXBuildFile; fileRef = 1EB98CD82402343600CF320F /* HomeViewController.swift */; };
		1EB98CDF2402343600CF320F /* HomeInteractor.swift in Sources */ = {isa = PBXBuildFile; fileRef = 1EB98CD92402343600CF320F /* HomeInteractor.swift */; };
		1EE271AF2402494C00062541 /* ResultPresenter.swift in Sources */ = {isa = PBXBuildFile; fileRef = 1EE271A92402494C00062541 /* ResultPresenter.swift */; };
		1EE271B02402494C00062541 /* ResultWorker.swift in Sources */ = {isa = PBXBuildFile; fileRef = 1EE271AA2402494C00062541 /* ResultWorker.swift */; };
		1EE271B12402494C00062541 /* ResultRouter.swift in Sources */ = {isa = PBXBuildFile; fileRef = 1EE271AB2402494C00062541 /* ResultRouter.swift */; };
		1EE271B22402494C00062541 /* ResultModels.swift in Sources */ = {isa = PBXBuildFile; fileRef = 1EE271AC2402494C00062541 /* ResultModels.swift */; };
		1EE271B32402494C00062541 /* ResultViewController.swift in Sources */ = {isa = PBXBuildFile; fileRef = 1EE271AD2402494C00062541 /* ResultViewController.swift */; };
		1EE271B42402494C00062541 /* ResultInteractor.swift in Sources */ = {isa = PBXBuildFile; fileRef = 1EE271AE2402494C00062541 /* ResultInteractor.swift */; };
		1EE271B92402E01200062541 /* ResultViewController.swift in Sources */ = {isa = PBXBuildFile; fileRef = 1EE271B82402E01200062541 /* ResultViewController.swift */; };
		35497A6C1C0520E2FC43F26F /* Pods_DesafioBCITests.framework in Frameworks */ = {isa = PBXBuildFile; fileRef = 33A96AD4ACCF0DFF7732034D /* Pods_DesafioBCITests.framework */; };
/* End PBXBuildFile section */

/* Begin PBXContainerItemProxy section */
		1E595A77240232A100BA8F7E /* PBXContainerItemProxy */ = {
			isa = PBXContainerItemProxy;
			containerPortal = 1E595A582402329F00BA8F7E /* Project object */;
			proxyType = 1;
			remoteGlobalIDString = 1E595A5F2402329F00BA8F7E;
			remoteInfo = DesafioBCI;
		};
/* End PBXContainerItemProxy section */

/* Begin PBXFileReference section */
		1E595A602402329F00BA8F7E /* DesafioBCI.app */ = {isa = PBXFileReference; explicitFileType = wrapper.application; includeInIndex = 0; path = DesafioBCI.app; sourceTree = BUILT_PRODUCTS_DIR; };
		1E595A632402329F00BA8F7E /* AppDelegate.swift */ = {isa = PBXFileReference; lastKnownFileType = sourcecode.swift; path = AppDelegate.swift; sourceTree = "<group>"; };
		1E595A652402329F00BA8F7E /* SceneDelegate.swift */ = {isa = PBXFileReference; lastKnownFileType = sourcecode.swift; path = SceneDelegate.swift; sourceTree = "<group>"; };
		1E595A672402329F00BA8F7E /* ViewController.swift */ = {isa = PBXFileReference; lastKnownFileType = sourcecode.swift; path = ViewController.swift; sourceTree = "<group>"; };
		1E595A6A2402329F00BA8F7E /* Base */ = {isa = PBXFileReference; lastKnownFileType = file.storyboard; name = Base; path = Base.lproj/Main.storyboard; sourceTree = "<group>"; };
		1E595A6C240232A100BA8F7E /* Assets.xcassets */ = {isa = PBXFileReference; lastKnownFileType = folder.assetcatalog; path = Assets.xcassets; sourceTree = "<group>"; };
		1E595A6F240232A100BA8F7E /* Base */ = {isa = PBXFileReference; lastKnownFileType = file.storyboard; name = Base; path = Base.lproj/LaunchScreen.storyboard; sourceTree = "<group>"; };
		1E595A71240232A100BA8F7E /* Info.plist */ = {isa = PBXFileReference; lastKnownFileType = text.plist.xml; path = Info.plist; sourceTree = "<group>"; };
		1E595A76240232A100BA8F7E /* DesafioBCITests.xctest */ = {isa = PBXFileReference; explicitFileType = wrapper.cfbundle; includeInIndex = 0; path = DesafioBCITests.xctest; sourceTree = BUILT_PRODUCTS_DIR; };
		1E595A7A240232A100BA8F7E /* DesafioBCITests.swift */ = {isa = PBXFileReference; lastKnownFileType = sourcecode.swift; path = DesafioBCITests.swift; sourceTree = "<group>"; };
		1E595A7C240232A100BA8F7E /* Info.plist */ = {isa = PBXFileReference; lastKnownFileType = text.plist.xml; path = Info.plist; sourceTree = "<group>"; };
		1EB98CD42402343600CF320F /* HomePresenter.swift */ = {isa = PBXFileReference; lastKnownFileType = sourcecode.swift; path = HomePresenter.swift; sourceTree = "<group>"; };
		1EB98CD52402343600CF320F /* HomeWorker.swift */ = {isa = PBXFileReference; lastKnownFileType = sourcecode.swift; path = HomeWorker.swift; sourceTree = "<group>"; };
		1EB98CD62402343600CF320F /* HomeRouter.swift */ = {isa = PBXFileReference; lastKnownFileType = sourcecode.swift; path = HomeRouter.swift; sourceTree = "<group>"; };
		1EB98CD72402343600CF320F /* HomeModels.swift */ = {isa = PBXFileReference; lastKnownFileType = sourcecode.swift; path = HomeModels.swift; sourceTree = "<group>"; };
		1EB98CD82402343600CF320F /* HomeViewController.swift */ = {isa = PBXFileReference; lastKnownFileType = sourcecode.swift; path = HomeViewController.swift; sourceTree = "<group>"; };
		1EB98CD92402343600CF320F /* HomeInteractor.swift */ = {isa = PBXFileReference; lastKnownFileType = sourcecode.swift; path = HomeInteractor.swift; sourceTree = "<group>"; };
		1EE271A92402494C00062541 /* ResultPresenter.swift */ = {isa = PBXFileReference; lastKnownFileType = sourcecode.swift; path = ResultPresenter.swift; sourceTree = "<group>"; };
		1EE271AA2402494C00062541 /* ResultWorker.swift */ = {isa = PBXFileReference; lastKnownFileType = sourcecode.swift; path = ResultWorker.swift; sourceTree = "<group>"; };
		1EE271AB2402494C00062541 /* ResultRouter.swift */ = {isa = PBXFileReference; lastKnownFileType = sourcecode.swift; path = ResultRouter.swift; sourceTree = "<group>"; };
		1EE271AC2402494C00062541 /* ResultModels.swift */ = {isa = PBXFileReference; lastKnownFileType = sourcecode.swift; path = ResultModels.swift; sourceTree = "<group>"; };
		1EE271AD2402494C00062541 /* ResultViewController.swift */ = {isa = PBXFileReference; lastKnownFileType = sourcecode.swift; path = ResultViewController.swift; sourceTree = "<group>"; };
		1EE271AE2402494C00062541 /* ResultInteractor.swift */ = {isa = PBXFileReference; lastKnownFileType = sourcecode.swift; path = ResultInteractor.swift; sourceTree = "<group>"; };
		1EE271B82402E01200062541 /* ResultViewController.swift */ = {isa = PBXFileReference; lastKnownFileType = sourcecode.swift; path = ResultViewController.swift; sourceTree = "<group>"; };
		33A96AD4ACCF0DFF7732034D /* Pods_DesafioBCITests.framework */ = {isa = PBXFileReference; explicitFileType = wrapper.framework; includeInIndex = 0; path = Pods_DesafioBCITests.framework; sourceTree = BUILT_PRODUCTS_DIR; };
		4167B937A42F2F01D79464B8 /* Pods_DesafioBCI.framework */ = {isa = PBXFileReference; explicitFileType = wrapper.framework; includeInIndex = 0; path = Pods_DesafioBCI.framework; sourceTree = BUILT_PRODUCTS_DIR; };
		85117AB60529909E8C5FB199 /* Pods-DesafioBCI.release.xcconfig */ = {isa = PBXFileReference; includeInIndex = 1; lastKnownFileType = text.xcconfig; name = "Pods-DesafioBCI.release.xcconfig"; path = "Target Support Files/Pods-DesafioBCI/Pods-DesafioBCI.release.xcconfig"; sourceTree = "<group>"; };
		9A0FA40D1FCF3D191D4A5948 /* Pods-DesafioBCITests.release.xcconfig */ = {isa = PBXFileReference; includeInIndex = 1; lastKnownFileType = text.xcconfig; name = "Pods-DesafioBCITests.release.xcconfig"; path = "Target Support Files/Pods-DesafioBCITests/Pods-DesafioBCITests.release.xcconfig"; sourceTree = "<group>"; };
		ACD4A9D3767C1E77B4F5FFE2 /* Pods-DesafioBCITests.debug.xcconfig */ = {isa = PBXFileReference; includeInIndex = 1; lastKnownFileType = text.xcconfig; name = "Pods-DesafioBCITests.debug.xcconfig"; path = "Target Support Files/Pods-DesafioBCITests/Pods-DesafioBCITests.debug.xcconfig"; sourceTree = "<group>"; };
		F59C8AA0442D57119D668ACB /* Pods-DesafioBCI.debug.xcconfig */ = {isa = PBXFileReference; includeInIndex = 1; lastKnownFileType = text.xcconfig; name = "Pods-DesafioBCI.debug.xcconfig"; path = "Target Support Files/Pods-DesafioBCI/Pods-DesafioBCI.debug.xcconfig"; sourceTree = "<group>"; };
/* End PBXFileReference section */

/* Begin PBXFrameworksBuildPhase section */
		1E595A5D2402329F00BA8F7E /* Frameworks */ = {
			isa = PBXFrameworksBuildPhase;
			buildActionMask = 2147483647;
			files = (
				116C24F78C9112E3221D8A0A /* Pods_DesafioBCI.framework in Frameworks */,
			);
			runOnlyForDeploymentPostprocessing = 0;
		};
		1E595A73240232A100BA8F7E /* Frameworks */ = {
			isa = PBXFrameworksBuildPhase;
			buildActionMask = 2147483647;
			files = (
				35497A6C1C0520E2FC43F26F /* Pods_DesafioBCITests.framework in Frameworks */,
			);
			runOnlyForDeploymentPostprocessing = 0;
		};
/* End PBXFrameworksBuildPhase section */

/* Begin PBXGroup section */
		1E595A572402329F00BA8F7E = {
			isa = PBXGroup;
			children = (
				1E595A622402329F00BA8F7E /* DesafioBCI */,
				1E595A79240232A100BA8F7E /* DesafioBCITests */,
				1E595A612402329F00BA8F7E /* Products */,
				205C423EF9705600BAEC2C4D /* Pods */,
				931335D542AD2BB382D23CA0 /* Frameworks */,
			);
			sourceTree = "<group>";
		};
		1E595A612402329F00BA8F7E /* Products */ = {
			isa = PBXGroup;
			children = (
				1E595A602402329F00BA8F7E /* DesafioBCI.app */,
				1E595A76240232A100BA8F7E /* DesafioBCITests.xctest */,
			);
			name = Products;
			sourceTree = "<group>";
		};
		1E595A622402329F00BA8F7E /* DesafioBCI */ = {
			isa = PBXGroup;
			children = (
				1EE271B72402DFD500062541 /* View */,
				1EE271B62402DFC500062541 /* Controller */,
				1EE271B52402DFB700062541 /* Model */,
				1EB98CE0240238F200CF320F /* Scenes */,
				1E595A632402329F00BA8F7E /* AppDelegate.swift */,
				1E595A652402329F00BA8F7E /* SceneDelegate.swift */,
				1E595A692402329F00BA8F7E /* Main.storyboard */,
				1E595A6C240232A100BA8F7E /* Assets.xcassets */,
				1E595A6E240232A100BA8F7E /* LaunchScreen.storyboard */,
				1E595A71240232A100BA8F7E /* Info.plist */,
			);
			path = DesafioBCI;
			sourceTree = "<group>";
		};
		1E595A79240232A100BA8F7E /* DesafioBCITests */ = {
			isa = PBXGroup;
			children = (
				1E595A7A240232A100BA8F7E /* DesafioBCITests.swift */,
				1E595A7C240232A100BA8F7E /* Info.plist */,
			);
			path = DesafioBCITests;
			sourceTree = "<group>";
		};
		1EB98CD2240233DA00CF320F /* Home */ = {
			isa = PBXGroup;
			children = (
				1EB98CD42402343600CF320F /* HomePresenter.swift */,
				1EB98CD52402343600CF320F /* HomeWorker.swift */,
				1EB98CD62402343600CF320F /* HomeRouter.swift */,
				1EB98CD72402343600CF320F /* HomeModels.swift */,
				1EB98CD82402343600CF320F /* HomeViewController.swift */,
				1EB98CD92402343600CF320F /* HomeInteractor.swift */,
			);
			path = Home;
			sourceTree = "<group>";
		};
		1EB98CD32402341E00CF320F /* Result */ = {
			isa = PBXGroup;
			children = (
				1EE271A92402494C00062541 /* ResultPresenter.swift */,
				1EE271AA2402494C00062541 /* ResultWorker.swift */,
				1EE271AB2402494C00062541 /* ResultRouter.swift */,
				1EE271AC2402494C00062541 /* ResultModels.swift */,
				1EE271AD2402494C00062541 /* ResultViewController.swift */,
				1EE271AE2402494C00062541 /* ResultInteractor.swift */,
			);
			path = Result;
			sourceTree = "<group>";
		};
		1EB98CE0240238F200CF320F /* Scenes */ = {
			isa = PBXGroup;
			children = (
				1EB98CD32402341E00CF320F /* Result */,
				1EB98CD2240233DA00CF320F /* Home */,
			);
			path = Scenes;
			sourceTree = "<group>";
		};
		1EE271B52402DFB700062541 /* Model */ = {
			isa = PBXGroup;
			children = (
			);
			path = Model;
			sourceTree = "<group>";
		};
		1EE271B62402DFC500062541 /* Controller */ = {
			isa = PBXGroup;
			children = (
				1E595A672402329F00BA8F7E /* ViewController.swift */,
				1EE271B82402E01200062541 /* ResultViewController.swift */,
			);
			path = Controller;
			sourceTree = "<group>";
		};
		1EE271B72402DFD500062541 /* View */ = {
			isa = PBXGroup;
			children = (
			);
			path = View;
			sourceTree = "<group>";
		};
		205C423EF9705600BAEC2C4D /* Pods */ = {
			isa = PBXGroup;
			children = (
				F59C8AA0442D57119D668ACB /* Pods-DesafioBCI.debug.xcconfig */,
				85117AB60529909E8C5FB199 /* Pods-DesafioBCI.release.xcconfig */,
				ACD4A9D3767C1E77B4F5FFE2 /* Pods-DesafioBCITests.debug.xcconfig */,
				9A0FA40D1FCF3D191D4A5948 /* Pods-DesafioBCITests.release.xcconfig */,
			);
			path = Pods;
			sourceTree = "<group>";
		};
		931335D542AD2BB382D23CA0 /* Frameworks */ = {
			isa = PBXGroup;
			children = (
				4167B937A42F2F01D79464B8 /* Pods_DesafioBCI.framework */,
				33A96AD4ACCF0DFF7732034D /* Pods_DesafioBCITests.framework */,
			);
			name = Frameworks;
			sourceTree = "<group>";
		};
/* End PBXGroup section */

/* Begin PBXNativeTarget section */
		1E595A5F2402329F00BA8F7E /* DesafioBCI */ = {
			isa = PBXNativeTarget;
			buildConfigurationList = 1E595A7F240232A100BA8F7E /* Build configuration list for PBXNativeTarget "DesafioBCI" */;
			buildPhases = (
				92733025C06201DD8BA5245D /* [CP] Check Pods Manifest.lock */,
				1E595A5C2402329F00BA8F7E /* Sources */,
				1E595A5D2402329F00BA8F7E /* Frameworks */,
				1E595A5E2402329F00BA8F7E /* Resources */,
				F59F096E8377E2244B1A3273 /* [CP] Embed Pods Frameworks */,
			);
			buildRules = (
			);
			dependencies = (
			);
			name = DesafioBCI;
			productName = DesafioBCI;
			productReference = 1E595A602402329F00BA8F7E /* DesafioBCI.app */;
			productType = "com.apple.product-type.application";
		};
		1E595A75240232A100BA8F7E /* DesafioBCITests */ = {
			isa = PBXNativeTarget;
			buildConfigurationList = 1E595A82240232A100BA8F7E /* Build configuration list for PBXNativeTarget "DesafioBCITests" */;
			buildPhases = (
				AE90896963BCF49D97876825 /* [CP] Check Pods Manifest.lock */,
				1E595A72240232A100BA8F7E /* Sources */,
				1E595A73240232A100BA8F7E /* Frameworks */,
				1E595A74240232A100BA8F7E /* Resources */,
			);
			buildRules = (
			);
			dependencies = (
				1E595A78240232A100BA8F7E /* PBXTargetDependency */,
			);
			name = DesafioBCITests;
			productName = DesafioBCITests;
			productReference = 1E595A76240232A100BA8F7E /* DesafioBCITests.xctest */;
			productType = "com.apple.product-type.bundle.unit-test";
		};
/* End PBXNativeTarget section */

/* Begin PBXProject section */
		1E595A582402329F00BA8F7E /* Project object */ = {
			isa = PBXProject;
			attributes = {
				LastSwiftUpdateCheck = 1130;
				LastUpgradeCheck = 1130;
				ORGANIZATIONNAME = "Carlos Sepulveda";
				TargetAttributes = {
					1E595A5F2402329F00BA8F7E = {
						CreatedOnToolsVersion = 11.3.1;
					};
					1E595A75240232A100BA8F7E = {
						CreatedOnToolsVersion = 11.3.1;
						TestTargetID = 1E595A5F2402329F00BA8F7E;
					};
				};
			};
			buildConfigurationList = 1E595A5B2402329F00BA8F7E /* Build configuration list for PBXProject "DesafioBCI" */;
			compatibilityVersion = "Xcode 9.3";
			developmentRegion = en;
			hasScannedForEncodings = 0;
			knownRegions = (
				en,
				Base,
			);
			mainGroup = 1E595A572402329F00BA8F7E;
			productRefGroup = 1E595A612402329F00BA8F7E /* Products */;
			projectDirPath = "";
			projectRoot = "";
			targets = (
				1E595A5F2402329F00BA8F7E /* DesafioBCI */,
				1E595A75240232A100BA8F7E /* DesafioBCITests */,
			);
		};
/* End PBXProject section */

/* Begin PBXResourcesBuildPhase section */
		1E595A5E2402329F00BA8F7E /* Resources */ = {
			isa = PBXResourcesBuildPhase;
			buildActionMask = 2147483647;
			files = (
				1E595A70240232A100BA8F7E /* LaunchScreen.storyboard in Resources */,
				1E595A6D240232A100BA8F7E /* Assets.xcassets in Resources */,
				1E595A6B2402329F00BA8F7E /* Main.storyboard in Resources */,
			);
			runOnlyForDeploymentPostprocessing = 0;
		};
		1E595A74240232A100BA8F7E /* Resources */ = {
			isa = PBXResourcesBuildPhase;
			buildActionMask = 2147483647;
			files = (
			);
			runOnlyForDeploymentPostprocessing = 0;
		};
/* End PBXResourcesBuildPhase section */

/* Begin PBXShellScriptBuildPhase section */
		92733025C06201DD8BA5245D /* [CP] Check Pods Manifest.lock */ = {
			isa = PBXShellScriptBuildPhase;
			buildActionMask = 2147483647;
			files = (
			);
			inputFileListPaths = (
			);
			inputPaths = (
				"${PODS_PODFILE_DIR_PATH}/Podfile.lock",
				"${PODS_ROOT}/Manifest.lock",
			);
			name = "[CP] Check Pods Manifest.lock";
			outputFileListPaths = (
			);
			outputPaths = (
				"$(DERIVED_FILE_DIR)/Pods-DesafioBCI-checkManifestLockResult.txt",
			);
			runOnlyForDeploymentPostprocessing = 0;
			shellPath = /bin/sh;
			shellScript = "diff \"${PODS_PODFILE_DIR_PATH}/Podfile.lock\" \"${PODS_ROOT}/Manifest.lock\" > /dev/null\nif [ $? != 0 ] ; then\n    # print error to STDERR\n    echo \"error: The sandbox is not in sync with the Podfile.lock. Run 'pod install' or update your CocoaPods installation.\" >&2\n    exit 1\nfi\n# This output is used by Xcode 'outputs' to avoid re-running this script phase.\necho \"SUCCESS\" > \"${SCRIPT_OUTPUT_FILE_0}\"\n";
			showEnvVarsInLog = 0;
		};
		AE90896963BCF49D97876825 /* [CP] Check Pods Manifest.lock */ = {
			isa = PBXShellScriptBuildPhase;
			buildActionMask = 2147483647;
			files = (
			);
			inputFileListPaths = (
			);
			inputPaths = (
				"${PODS_PODFILE_DIR_PATH}/Podfile.lock",
				"${PODS_ROOT}/Manifest.lock",
			);
			name = "[CP] Check Pods Manifest.lock";
			outputFileListPaths = (
			);
			outputPaths = (
				"$(DERIVED_FILE_DIR)/Pods-DesafioBCITests-checkManifestLockResult.txt",
			);
			runOnlyForDeploymentPostprocessing = 0;
			shellPath = /bin/sh;
			shellScript = "diff \"${PODS_PODFILE_DIR_PATH}/Podfile.lock\" \"${PODS_ROOT}/Manifest.lock\" > /dev/null\nif [ $? != 0 ] ; then\n    # print error to STDERR\n    echo \"error: The sandbox is not in sync with the Podfile.lock. Run 'pod install' or update your CocoaPods installation.\" >&2\n    exit 1\nfi\n# This output is used by Xcode 'outputs' to avoid re-running this script phase.\necho \"SUCCESS\" > \"${SCRIPT_OUTPUT_FILE_0}\"\n";
			showEnvVarsInLog = 0;
		};
		F59F096E8377E2244B1A3273 /* [CP] Embed Pods Frameworks */ = {
			isa = PBXShellScriptBuildPhase;
			buildActionMask = 2147483647;
			files = (
			);
			inputFileListPaths = (
				"${PODS_ROOT}/Target Support Files/Pods-DesafioBCI/Pods-DesafioBCI-frameworks-${CONFIGURATION}-input-files.xcfilelist",
			);
			name = "[CP] Embed Pods Frameworks";
			outputFileListPaths = (
				"${PODS_ROOT}/Target Support Files/Pods-DesafioBCI/Pods-DesafioBCI-frameworks-${CONFIGURATION}-output-files.xcfilelist",
			);
			runOnlyForDeploymentPostprocessing = 0;
			shellPath = /bin/sh;
			shellScript = "\"${PODS_ROOT}/Target Support Files/Pods-DesafioBCI/Pods-DesafioBCI-frameworks.sh\"\n";
			showEnvVarsInLog = 0;
		};
/* End PBXShellScriptBuildPhase section */

/* Begin PBXSourcesBuildPhase section */
		1E595A5C2402329F00BA8F7E /* Sources */ = {
			isa = PBXSourcesBuildPhase;
			buildActionMask = 2147483647;
			files = (
				1E595A682402329F00BA8F7E /* ViewController.swift in Sources */,
				1EE271B22402494C00062541 /* ResultModels.swift in Sources */,
				1EE271AF2402494C00062541 /* ResultPresenter.swift in Sources */,
				1EE271B92402E01200062541 /* ResultViewController.swift in Sources */,
				1EE271B02402494C00062541 /* ResultWorker.swift in Sources */,
				1EB98CDC2402343600CF320F /* HomeRouter.swift in Sources */,
				1E595A642402329F00BA8F7E /* AppDelegate.swift in Sources */,
				1EE271B12402494C00062541 /* ResultRouter.swift in Sources */,
				1EB98CDE2402343600CF320F /* HomeViewController.swift in Sources */,
				1E595A662402329F00BA8F7E /* SceneDelegate.swift in Sources */,
				1EE271B32402494C00062541 /* ResultViewController.swift in Sources */,
				1EE271B42402494C00062541 /* ResultInteractor.swift in Sources */,
				1EB98CDB2402343600CF320F /* HomeWorker.swift in Sources */,
				1EB98CDF2402343600CF320F /* HomeInteractor.swift in Sources */,
				1EB98CDA2402343600CF320F /* HomePresenter.swift in Sources */,
				1EB98CDD2402343600CF320F /* HomeModels.swift in Sources */,
			);
			runOnlyForDeploymentPostprocessing = 0;
		};
		1E595A72240232A100BA8F7E /* Sources */ = {
			isa = PBXSourcesBuildPhase;
			buildActionMask = 2147483647;
			files = (
				1E595A7B240232A100BA8F7E /* DesafioBCITests.swift in Sources */,
			);
			runOnlyForDeploymentPostprocessing = 0;
		};
/* End PBXSourcesBuildPhase section */

/* Begin PBXTargetDependency section */
		1E595A78240232A100BA8F7E /* PBXTargetDependency */ = {
			isa = PBXTargetDependency;
			target = 1E595A5F2402329F00BA8F7E /* DesafioBCI */;
			targetProxy = 1E595A77240232A100BA8F7E /* PBXContainerItemProxy */;
		};
/* End PBXTargetDependency section */

/* Begin PBXVariantGroup section */
		1E595A692402329F00BA8F7E /* Main.storyboard */ = {
			isa = PBXVariantGroup;
			children = (
				1E595A6A2402329F00BA8F7E /* Base */,
			);
			name = Main.storyboard;
			sourceTree = "<group>";
		};
		1E595A6E240232A100BA8F7E /* LaunchScreen.storyboard */ = {
			isa = PBXVariantGroup;
			children = (
				1E595A6F240232A100BA8F7E /* Base */,
			);
			name = LaunchScreen.storyboard;
			sourceTree = "<group>";
		};
/* End PBXVariantGroup section */

/* Begin XCBuildConfiguration section */
		1E595A7D240232A100BA8F7E /* Debug */ = {
			isa = XCBuildConfiguration;
			buildSettings = {
				ALWAYS_SEARCH_USER_PATHS = NO;
				CLANG_ANALYZER_NONNULL = YES;
				CLANG_ANALYZER_NUMBER_OBJECT_CONVERSION = YES_AGGRESSIVE;
				CLANG_CXX_LANGUAGE_STANDARD = "gnu++14";
				CLANG_CXX_LIBRARY = "libc++";
				CLANG_ENABLE_MODULES = YES;
				CLANG_ENABLE_OBJC_ARC = YES;
				CLANG_ENABLE_OBJC_WEAK = YES;
				CLANG_WARN_BLOCK_CAPTURE_AUTORELEASING = YES;
				CLANG_WARN_BOOL_CONVERSION = YES;
				CLANG_WARN_COMMA = YES;
				CLANG_WARN_CONSTANT_CONVERSION = YES;
				CLANG_WARN_DEPRECATED_OBJC_IMPLEMENTATIONS = YES;
				CLANG_WARN_DIRECT_OBJC_ISA_USAGE = YES_ERROR;
				CLANG_WARN_DOCUMENTATION_COMMENTS = YES;
				CLANG_WARN_EMPTY_BODY = YES;
				CLANG_WARN_ENUM_CONVERSION = YES;
				CLANG_WARN_INFINITE_RECURSION = YES;
				CLANG_WARN_INT_CONVERSION = YES;
				CLANG_WARN_NON_LITERAL_NULL_CONVERSION = YES;
				CLANG_WARN_OBJC_IMPLICIT_RETAIN_SELF = YES;
				CLANG_WARN_OBJC_LITERAL_CONVERSION = YES;
				CLANG_WARN_OBJC_ROOT_CLASS = YES_ERROR;
				CLANG_WARN_RANGE_LOOP_ANALYSIS = YES;
				CLANG_WARN_STRICT_PROTOTYPES = YES;
				CLANG_WARN_SUSPICIOUS_MOVE = YES;
				CLANG_WARN_UNGUARDED_AVAILABILITY = YES_AGGRESSIVE;
				CLANG_WARN_UNREACHABLE_CODE = YES;
				CLANG_WARN__DUPLICATE_METHOD_MATCH = YES;
				COPY_PHASE_STRIP = NO;
				DEBUG_INFORMATION_FORMAT = dwarf;
				ENABLE_STRICT_OBJC_MSGSEND = YES;
				ENABLE_TESTABILITY = YES;
				GCC_C_LANGUAGE_STANDARD = gnu11;
				GCC_DYNAMIC_NO_PIC = NO;
				GCC_NO_COMMON_BLOCKS = YES;
				GCC_OPTIMIZATION_LEVEL = 0;
				GCC_PREPROCESSOR_DEFINITIONS = (
					"DEBUG=1",
					"$(inherited)",
				);
				GCC_WARN_64_TO_32_BIT_CONVERSION = YES;
				GCC_WARN_ABOUT_RETURN_TYPE = YES_ERROR;
				GCC_WARN_UNDECLARED_SELECTOR = YES;
				GCC_WARN_UNINITIALIZED_AUTOS = YES_AGGRESSIVE;
				GCC_WARN_UNUSED_FUNCTION = YES;
				GCC_WARN_UNUSED_VARIABLE = YES;
				IPHONEOS_DEPLOYMENT_TARGET = 13.2;
				MTL_ENABLE_DEBUG_INFO = INCLUDE_SOURCE;
				MTL_FAST_MATH = YES;
				ONLY_ACTIVE_ARCH = YES;
				SDKROOT = iphoneos;
				SWIFT_ACTIVE_COMPILATION_CONDITIONS = DEBUG;
				SWIFT_OPTIMIZATION_LEVEL = "-Onone";
			};
			name = Debug;
		};
		1E595A7E240232A100BA8F7E /* Release */ = {
			isa = XCBuildConfiguration;
			buildSettings = {
				ALWAYS_SEARCH_USER_PATHS = NO;
				CLANG_ANALYZER_NONNULL = YES;
				CLANG_ANALYZER_NUMBER_OBJECT_CONVERSION = YES_AGGRESSIVE;
				CLANG_CXX_LANGUAGE_STANDARD = "gnu++14";
				CLANG_CXX_LIBRARY = "libc++";
				CLANG_ENABLE_MODULES = YES;
				CLANG_ENABLE_OBJC_ARC = YES;
				CLANG_ENABLE_OBJC_WEAK = YES;
				CLANG_WARN_BLOCK_CAPTURE_AUTORELEASING = YES;
				CLANG_WARN_BOOL_CONVERSION = YES;
				CLANG_WARN_COMMA = YES;
				CLANG_WARN_CONSTANT_CONVERSION = YES;
				CLANG_WARN_DEPRECATED_OBJC_IMPLEMENTATIONS = YES;
				CLANG_WARN_DIRECT_OBJC_ISA_USAGE = YES_ERROR;
				CLANG_WARN_DOCUMENTATION_COMMENTS = YES;
				CLANG_WARN_EMPTY_BODY = YES;
				CLANG_WARN_ENUM_CONVERSION = YES;
				CLANG_WARN_INFINITE_RECURSION = YES;
				CLANG_WARN_INT_CONVERSION = YES;
				CLANG_WARN_NON_LITERAL_NULL_CONVERSION = YES;
				CLANG_WARN_OBJC_IMPLICIT_RETAIN_SELF = YES;
				CLANG_WARN_OBJC_LITERAL_CONVERSION = YES;
				CLANG_WARN_OBJC_ROOT_CLASS = YES_ERROR;
				CLANG_WARN_RANGE_LOOP_ANALYSIS = YES;
				CLANG_WARN_STRICT_PROTOTYPES = YES;
				CLANG_WARN_SUSPICIOUS_MOVE = YES;
				CLANG_WARN_UNGUARDED_AVAILABILITY = YES_AGGRESSIVE;
				CLANG_WARN_UNREACHABLE_CODE = YES;
				CLANG_WARN__DUPLICATE_METHOD_MATCH = YES;
				COPY_PHASE_STRIP = NO;
				DEBUG_INFORMATION_FORMAT = "dwarf-with-dsym";
				ENABLE_NS_ASSERTIONS = NO;
				ENABLE_STRICT_OBJC_MSGSEND = YES;
				GCC_C_LANGUAGE_STANDARD = gnu11;
				GCC_NO_COMMON_BLOCKS = YES;
				GCC_WARN_64_TO_32_BIT_CONVERSION = YES;
				GCC_WARN_ABOUT_RETURN_TYPE = YES_ERROR;
				GCC_WARN_UNDECLARED_SELECTOR = YES;
				GCC_WARN_UNINITIALIZED_AUTOS = YES_AGGRESSIVE;
				GCC_WARN_UNUSED_FUNCTION = YES;
				GCC_WARN_UNUSED_VARIABLE = YES;
				IPHONEOS_DEPLOYMENT_TARGET = 13.2;
				MTL_ENABLE_DEBUG_INFO = NO;
				MTL_FAST_MATH = YES;
				SDKROOT = iphoneos;
				SWIFT_COMPILATION_MODE = wholemodule;
				SWIFT_OPTIMIZATION_LEVEL = "-O";
				VALIDATE_PRODUCT = YES;
			};
			name = Release;
		};
		1E595A80240232A100BA8F7E /* Debug */ = {
			isa = XCBuildConfiguration;
			baseConfigurationReference = F59C8AA0442D57119D668ACB /* Pods-DesafioBCI.debug.xcconfig */;
			buildSettings = {
				ASSETCATALOG_COMPILER_APPICON_NAME = AppIcon;
				CODE_SIGN_STYLE = Automatic;
				DEVELOPMENT_TEAM = NZJK6JHL54;
				INFOPLIST_FILE = DesafioBCI/Info.plist;
				LD_RUNPATH_SEARCH_PATHS = (
					"$(inherited)",
					"@executable_path/Frameworks",
				);
				PRODUCT_BUNDLE_IDENTIFIER = com.haldennick.DesafioBCI;
				PRODUCT_NAME = "$(TARGET_NAME)";
				SWIFT_VERSION = 5.0;
				TARGETED_DEVICE_FAMILY = "1,2";
			};
			name = Debug;
		};
		1E595A81240232A100BA8F7E /* Release */ = {
			isa = XCBuildConfiguration;
			baseConfigurationReference = 85117AB60529909E8C5FB199 /* Pods-DesafioBCI.release.xcconfig */;
			buildSettings = {
				ASSETCATALOG_COMPILER_APPICON_NAME = AppIcon;
				CODE_SIGN_STYLE = Automatic;
				DEVELOPMENT_TEAM = NZJK6JHL54;
				INFOPLIST_FILE = DesafioBCI/Info.plist;
				LD_RUNPATH_SEARCH_PATHS = (
					"$(inherited)",
					"@executable_path/Frameworks",
				);
				PRODUCT_BUNDLE_IDENTIFIER = com.haldennick.DesafioBCI;
				PRODUCT_NAME = "$(TARGET_NAME)";
				SWIFT_VERSION = 5.0;
				TARGETED_DEVICE_FAMILY = "1,2";
			};
			name = Release;
		};
		1E595A83240232A100BA8F7E /* Debug */ = {
			isa = XCBuildConfiguration;
			baseConfigurationReference = ACD4A9D3767C1E77B4F5FFE2 /* Pods-DesafioBCITests.debug.xcconfig */;
			buildSettings = {
				ALWAYS_EMBED_SWIFT_STANDARD_LIBRARIES = YES;
				BUNDLE_LOADER = "$(TEST_HOST)";
				CODE_SIGN_STYLE = Automatic;
				DEVELOPMENT_TEAM = NZJK6JHL54;
				INFOPLIST_FILE = DesafioBCITests/Info.plist;
				IPHONEOS_DEPLOYMENT_TARGET = 13.2;
				LD_RUNPATH_SEARCH_PATHS = (
					"$(inherited)",
					"@executable_path/Frameworks",
					"@loader_path/Frameworks",
				);
				PRODUCT_BUNDLE_IDENTIFIER = com.haldennick.DesafioBCITests;
				PRODUCT_NAME = "$(TARGET_NAME)";
				SWIFT_VERSION = 5.0;
				TARGETED_DEVICE_FAMILY = "1,2";
				TEST_HOST = "$(BUILT_PRODUCTS_DIR)/DesafioBCI.app/DesafioBCI";
			};
			name = Debug;
		};
		1E595A84240232A100BA8F7E /* Release */ = {
			isa = XCBuildConfiguration;
			baseConfigurationReference = 9A0FA40D1FCF3D191D4A5948 /* Pods-DesafioBCITests.release.xcconfig */;
			buildSettings = {
				ALWAYS_EMBED_SWIFT_STANDARD_LIBRARIES = YES;
				BUNDLE_LOADER = "$(TEST_HOST)";
				CODE_SIGN_STYLE = Automatic;
				DEVELOPMENT_TEAM = NZJK6JHL54;
				INFOPLIST_FILE = DesafioBCITests/Info.plist;
				IPHONEOS_DEPLOYMENT_TARGET = 13.2;
				LD_RUNPATH_SEARCH_PATHS = (
					"$(inherited)",
					"@executable_path/Frameworks",
					"@loader_path/Frameworks",
				);
				PRODUCT_BUNDLE_IDENTIFIER = com.haldennick.DesafioBCITests;
				PRODUCT_NAME = "$(TARGET_NAME)";
				SWIFT_VERSION = 5.0;
				TARGETED_DEVICE_FAMILY = "1,2";
				TEST_HOST = "$(BUILT_PRODUCTS_DIR)/DesafioBCI.app/DesafioBCI";
			};
			name = Release;
		};
/* End XCBuildConfiguration section */

/* Begin XCConfigurationList section */
		1E595A5B2402329F00BA8F7E /* Build configuration list for PBXProject "DesafioBCI" */ = {
			isa = XCConfigurationList;
			buildConfigurations = (
				1E595A7D240232A100BA8F7E /* Debug */,
				1E595A7E240232A100BA8F7E /* Release */,
			);
			defaultConfigurationIsVisible = 0;
			defaultConfigurationName = Release;
		};
		1E595A7F240232A100BA8F7E /* Build configuration list for PBXNativeTarget "DesafioBCI" */ = {
			isa = XCConfigurationList;
			buildConfigurations = (
				1E595A80240232A100BA8F7E /* Debug */,
				1E595A81240232A100BA8F7E /* Release */,
			);
			defaultConfigurationIsVisible = 0;
			defaultConfigurationName = Release;
		};
		1E595A82240232A100BA8F7E /* Build configuration list for PBXNativeTarget "DesafioBCITests" */ = {
			isa = XCConfigurationList;
			buildConfigurations = (
				1E595A83240232A100BA8F7E /* Debug */,
				1E595A84240232A100BA8F7E /* Release */,
			);
			defaultConfigurationIsVisible = 0;
			defaultConfigurationName = Release;
		};
/* End XCConfigurationList section */
	};
	rootObject = 1E595A582402329F00BA8F7E /* Project object */;
}
